
Microsoft Visual Studio Solution File, Format Version 12.00
# Visual Studio Version 16
VisualStudioVersion = 16.0.31624.102
MinimumVisualStudioVersion = 10.0.40219.1
Project("{FAE04EC0-301F-11D3-BF4B-00C04F79EFBC}") = "Application_Forms", "Application_Forms\Application_Forms.csproj", "{D7EF39A0-2BF6-45E6-B89A-7B333B867BAE}"
EndProject
Global
	GlobalSection(SolutionConfigurationPlatforms) = preSolution
		Debug|Any CPU = Debug|Any CPU
		Release|Any CPU = Release|Any CPU
	EndGlobalSection
	GlobalSection(ProjectConfigurationPlatforms) = postSolution
		{D7EF39A0-2BF6-45E6-B89A-7B333B867BAE}.Debug|Any CPU.ActiveCfg = Debug|Any CPU
		{D7EF39A0-2BF6-45E6-B89A-7B333B867BAE}.Debug|Any CPU.Build.0 = Debug|Any CPU
		{D7EF39A0-2BF6-45E6-B89A-7B333B867BAE}.Release|Any CPU.ActiveCfg = Release|Any CPU
		{D7EF39A0-2BF6-45E6-B89A-7B333B867BAE}.Release|Any CPU.Build.0 = Release|Any CPU
	EndGlobalSection
	GlobalSection(SolutionProperties) = preSolution
		HideSolutionNode = FALSE
	EndGlobalSection
	GlobalSection(ExtensibilityGlobals) = postSolution
		SolutionGuid = {F4D5E611-4487-4FE8-8261-98E3AEFF7332}
	EndGlobalSection
EndGlobal
